{"1.1.0",
[{<<"cowboy">>,
  {git,"https://github.com/ninenines/cowboy.git",
       {ref,"d3f15cfd8b2bb4c0c697bd995dfa4546474235ad"}},
  2},
 {<<"cowlib">>,
  {git,"https://github.com/ninenines/cowlib.git",
       {ref,"bd37be4d3b065600c3b76b492535e76e5d413fc1"}},
  2},
 {<<"eper">>,
  {git,"http://github.com/basho/eper.git",
       {ref,"fc165bf4072ecb9ce5648aab86db2baad12122f5"}},
  3},
 {<<"goldrush">>,{pkg,<<"goldrush">>,<<"0.1.9">>},4},
 {<<"gun">>,
  {git,"https://github.com/ninenines/gun.git",
       {ref,"eb84f7ecab15dbcd5fd64d45e236a47b17b6b20e"}},
  2},
 {<<"jsx">>,{pkg,<<"jsx">>,<<"2.8.2">>},3},
 {<<"lager">>,{pkg,<<"lager">>,<<"3.5.1">>},3},
 {<<"luerl">>,
  {git,"https://github.com/rvirding/luerl.git",
       {ref,"091fca3d03de5de19efebb2bd37523cdef4bbdb5"}},
  1},
 {<<"meck">>,
  {git,"http://github.com/basho/meck.git",
       {ref,"dde759050eff19a1a80fd854d7375174b191665d"}},
  3},
 {<<"nklib">>,
  {git,"https://github.com/MikhailKalashnikov/nklib.git",
       {ref,"131e9023964948498f1ab43bf0ddd8795d802760"}},
  2},
 {<<"nkpacket">>,
  {git,"https://github.com/MikhailKalashnikov/nkpacket.git",
       {ref,"ac38f3ba3f834e9f5e782064b4f3584a2bfa6b01"}},
  1},
 {<<"nkservice">>,
  {git,"https://github.com/MikhailKalashnikov/nkservice.git",
       {ref,"0aeea39d45944e81583b90c3850996953540bef5"}},
  0},
 {<<"ranch">>,
  {git,"https://github.com/ninenines/ranch.git",
       {ref,"8eaae552ec520605b7f4b0e5943256d2b5e3621c"}},
  2}]}.
[
{pkg_hash,[
 {<<"goldrush">>, <<"F06E5D5F1277DA5C413E84D5A2924174182FB108DABB39D5EC548B27424CD106">>},
 {<<"jsx">>, <<"7ACC7D785B5ABE8A6E9ADBDE926A24E481F29956DD8B4DF49E3E4E7BCC92A018">>},
 {<<"lager">>, <<"63897A61AF646C59BB928FEE9756CE8BDD02D5A1A2F3551D4A5E38386C2CC071">>}]}
].
