{"1.1.0",
[{<<"cowboy">>,
  {git,"https://github.com/extend/cowboy",
       {ref,"90ae31998e8d0887b9efe4b441136ac047708bb9"}},
  2},
 {<<"cowlib">>,
  {git,"https://github.com/ninenines/cowlib.git",
       {ref,"14e597baa42a436469f99661ed7994685e269dc2"}},
  2},
 {<<"eper">>,
  {git,"http://github.com/basho/eper.git",
       {ref,"fc165bf4072ecb9ce5648aab86db2baad12122f5"}},
  3},
 {<<"goldrush">>,{pkg,<<"goldrush">>,<<"0.1.9">>},4},
 {<<"gun">>,
  {git,"https://github.com/ninenines/gun.git",
       {ref,"427230d6f94f5b8a396fd504a73d73d1d65ab0a7"}},
  2},
 {<<"jsx">>,{pkg,<<"jsx">>,<<"2.8.2">>},3},
 {<<"lager">>,{pkg,<<"lager">>,<<"3.5.1">>},3},
 {<<"luerl">>,
  {git,"https://github.com/rvirding/luerl.git",
       {ref,"021d517266c813a9b02acad40200750e010ab262"}},
  1},
 {<<"meck">>,
  {git,"http://github.com/basho/meck.git",
       {ref,"dde759050eff19a1a80fd854d7375174b191665d"}},
  3},
 {<<"nklib">>,
  {git,"https://github.com/MikhailKalashnikov/nklib.git",
       {ref,"131e9023964948498f1ab43bf0ddd8795d802760"}},
  2},
 {<<"nkpacket">>,
  {git,"https://github.com/MikhailKalashnikov/nkpacket.git",
       {ref,"4515efae7a293bea6da22646a69a4de05390e46b"}},
  1},
 {<<"nkservice">>,
  {git,"https://github.com/MikhailKalashnikov/nkservice.git",
       {ref,"956a1ae8f355a83abe74380e267cb5571cada8cb"}},
  0},
 {<<"ranch">>,
  {git,"https://github.com/ninenines/ranch.git",
       {ref,"741bfb73ca663394ecf7a73410506d66f01985a6"}},
  2}]}.
[
{pkg_hash,[
 {<<"goldrush">>, <<"F06E5D5F1277DA5C413E84D5A2924174182FB108DABB39D5EC548B27424CD106">>},
 {<<"jsx">>, <<"7ACC7D785B5ABE8A6E9ADBDE926A24E481F29956DD8B4DF49E3E4E7BCC92A018">>},
 {<<"lager">>, <<"63897A61AF646C59BB928FEE9756CE8BDD02D5A1A2F3551D4A5E38386C2CC071">>}]}
].
